PODS:
  - lottie-ios (2.5.0)
  - MNkAnimatedTabBarController (0.2.2):
    - lottie-ios

DEPENDENCIES:
  - MNkAnimatedTabBarController (from `../`)

SPEC REPOS:
  https://github.com/cocoapods/specs.git:
    - lottie-ios

EXTERNAL SOURCES:
  MNkAnimatedTabBarController:
    :path: "../"

SPEC CHECKSUMS:
  lottie-ios: d699fdee68d7b63e721d949388b015fef1aaa4ac
  MNkAnimatedTabBarController: 3dbd85aa175cd92b2d7302e4f7fffe48d19d8add

PODFILE CHECKSUM: c9b5e02bc7db28bed3b2a81a3f4ddbd37f480124

COCOAPODS: 1.5.3
